// !$*UTF8*$!
{
	archiveVersion = 1;
	classes = {
	};
	objectVersion = 46;
	objects = {

/* Begin PBXBuildFile section */
		CF7EB4491E58BDAF004AB84D /* MainScreenTableViewCell.m in Sources */ = {isa = PBXBuildFile; fileRef = CF7EB4471E58BDAF004AB84D /* MainScreenTableViewCell.m */; };
		CF7EB44A1E58BDAF004AB84D /* MainScreenTableViewCell.xib in Resources */ = {isa = PBXBuildFile; fileRef = CF7EB4481E58BDAF004AB84D /* MainScreenTableViewCell.xib */; };
		CFEFACB21E58950200E33711 /* main.m in Sources */ = {isa = PBXBuildFile; fileRef = CFEFACB11E58950200E33711 /* main.m */; };
		CFEFACB51E58950200E33711 /* AppDelegate.m in Sources */ = {isa = PBXBuildFile; fileRef = CFEFACB41E58950200E33711 /* AppDelegate.m */; };
		CFEFACB81E58950200E33711 /* ViewController.m in Sources */ = {isa = PBXBuildFile; fileRef = CFEFACB71E58950200E33711 /* ViewController.m */; };
		CFEFACBB1E58950200E33711 /* Main.storyboard in Resources */ = {isa = PBXBuildFile; fileRef = CFEFACB91E58950200E33711 /* Main.storyboard */; };
		CFEFACBE1E58950200E33711 /* GithubApiTest_ObjC.xcdatamodeld in Sources */ = {isa = PBXBuildFile; fileRef = CFEFACBC1E58950200E33711 /* GithubApiTest_ObjC.xcdatamodeld */; };
		CFEFACC01E58950200E33711 /* Assets.xcassets in Resources */ = {isa = PBXBuildFile; fileRef = CFEFACBF1E58950200E33711 /* Assets.xcassets */; };
		CFEFACC31E58950200E33711 /* LaunchScreen.storyboard in Resources */ = {isa = PBXBuildFile; fileRef = CFEFACC11E58950200E33711 /* LaunchScreen.storyboard */; };
		CFEFACCE1E58968700E33711 /* ConnectionService.m in Sources */ = {isa = PBXBuildFile; fileRef = CFEFACCD1E58968700E33711 /* ConnectionService.m */; };
		CFEFACD51E58982900E33711 /* DataManager.m in Sources */ = {isa = PBXBuildFile; fileRef = CFEFACD41E58982900E33711 /* DataManager.m */; };
		CFEFACD81E58985F00E33711 /* UserReposRequest.m in Sources */ = {isa = PBXBuildFile; fileRef = CFEFACD71E58985F00E33711 /* UserReposRequest.m */; };
		CFEFACDB1E58997500E33711 /* Constants.m in Sources */ = {isa = PBXBuildFile; fileRef = CFEFACDA1E58997500E33711 /* Constants.m */; };
		CFEFACDF1E589B9F00E33711 /* RepoParser.m in Sources */ = {isa = PBXBuildFile; fileRef = CFEFACDE1E589B9F00E33711 /* RepoParser.m */; };
		CFEFACE31E589BAB00E33711 /* Repo.m in Sources */ = {isa = PBXBuildFile; fileRef = CFEFACE21E589BAB00E33711 /* Repo.m */; };
/* End PBXBuildFile section */

/* Begin PBXFileReference section */
		CF7EB4461E58BDAF004AB84D /* MainScreenTableViewCell.h */ = {isa = PBXFileReference; fileEncoding = 4; lastKnownFileType = sourcecode.c.h; path = MainScreenTableViewCell.h; sourceTree = "<group>"; };
		CF7EB4471E58BDAF004AB84D /* MainScreenTableViewCell.m */ = {isa = PBXFileReference; fileEncoding = 4; lastKnownFileType = sourcecode.c.objc; path = MainScreenTableViewCell.m; sourceTree = "<group>"; };
		CF7EB4481E58BDAF004AB84D /* MainScreenTableViewCell.xib */ = {isa = PBXFileReference; fileEncoding = 4; lastKnownFileType = file.xib; path = MainScreenTableViewCell.xib; sourceTree = "<group>"; };
		CFEFACAD1E58950200E33711 /* GithubApiTest-ObjC.app */ = {isa = PBXFileReference; explicitFileType = wrapper.application; includeInIndex = 0; path = "GithubApiTest-ObjC.app"; sourceTree = BUILT_PRODUCTS_DIR; };
		CFEFACB11E58950200E33711 /* main.m */ = {isa = PBXFileReference; lastKnownFileType = sourcecode.c.objc; path = main.m; sourceTree = "<group>"; };
		CFEFACB31E58950200E33711 /* AppDelegate.h */ = {isa = PBXFileReference; lastKnownFileType = sourcecode.c.h; path = AppDelegate.h; sourceTree = "<group>"; };
		CFEFACB41E58950200E33711 /* AppDelegate.m */ = {isa = PBXFileReference; lastKnownFileType = sourcecode.c.objc; path = AppDelegate.m; sourceTree = "<group>"; };
		CFEFACB61E58950200E33711 /* ViewController.h */ = {isa = PBXFileReference; lastKnownFileType = sourcecode.c.h; path = ViewController.h; sourceTree = "<group>"; };
		CFEFACB71E58950200E33711 /* ViewController.m */ = {isa = PBXFileReference; lastKnownFileType = sourcecode.c.objc; path = ViewController.m; sourceTree = "<group>"; };
		CFEFACBA1E58950200E33711 /* Base */ = {isa = PBXFileReference; lastKnownFileType = file.storyboard; name = Base; path = Base.lproj/Main.storyboard; sourceTree = "<group>"; };
		CFEFACBD1E58950200E33711 /* GithubApiTest_ObjC.xcdatamodel */ = {isa = PBXFileReference; lastKnownFileType = wrapper.xcdatamodel; path = GithubApiTest_ObjC.xcdatamodel; sourceTree = "<group>"; };
		CFEFACBF1E58950200E33711 /* Assets.xcassets */ = {isa = PBXFileReference; lastKnownFileType = folder.assetcatalog; path = Assets.xcassets; sourceTree = "<group>"; };
		CFEFACC21E58950200E33711 /* Base */ = {isa = PBXFileReference; lastKnownFileType = file.storyboard; name = Base; path = Base.lproj/LaunchScreen.storyboard; sourceTree = "<group>"; };
		CFEFACC41E58950200E33711 /* Info.plist */ = {isa = PBXFileReference; lastKnownFileType = text.plist.xml; path = Info.plist; sourceTree = "<group>"; };
		CFEFACCC1E58968700E33711 /* ConnectionService.h */ = {isa = PBXFileReference; fileEncoding = 4; lastKnownFileType = sourcecode.c.h; path = ConnectionService.h; sourceTree = "<group>"; };
		CFEFACCD1E58968700E33711 /* ConnectionService.m */ = {isa = PBXFileReference; fileEncoding = 4; lastKnownFileType = sourcecode.c.objc; path = ConnectionService.m; sourceTree = "<group>"; };
		CFEFACD31E58982900E33711 /* DataManager.h */ = {isa = PBXFileReference; fileEncoding = 4; lastKnownFileType = sourcecode.c.h; path = DataManager.h; sourceTree = "<group>"; };
		CFEFACD41E58982900E33711 /* DataManager.m */ = {isa = PBXFileReference; fileEncoding = 4; lastKnownFileType = sourcecode.c.objc; path = DataManager.m; sourceTree = "<group>"; };
		CFEFACD61E58985F00E33711 /* UserReposRequest.h */ = {isa = PBXFileReference; fileEncoding = 4; lastKnownFileType = sourcecode.c.h; path = UserReposRequest.h; sourceTree = "<group>"; };
		CFEFACD71E58985F00E33711 /* UserReposRequest.m */ = {isa = PBXFileReference; fileEncoding = 4; lastKnownFileType = sourcecode.c.objc; path = UserReposRequest.m; sourceTree = "<group>"; };
		CFEFACD91E58997500E33711 /* Constants.h */ = {isa = PBXFileReference; fileEncoding = 4; lastKnownFileType = sourcecode.c.h; path = Constants.h; sourceTree = "<group>"; };
		CFEFACDA1E58997500E33711 /* Constants.m */ = {isa = PBXFileReference; fileEncoding = 4; lastKnownFileType = sourcecode.c.objc; path = Constants.m; sourceTree = "<group>"; };
		CFEFACDD1E589B9F00E33711 /* RepoParser.h */ = {isa = PBXFileReference; fileEncoding = 4; lastKnownFileType = sourcecode.c.h; path = RepoParser.h; sourceTree = "<group>"; };
		CFEFACDE1E589B9F00E33711 /* RepoParser.m */ = {isa = PBXFileReference; fileEncoding = 4; lastKnownFileType = sourcecode.c.objc; path = RepoParser.m; sourceTree = "<group>"; };
		CFEFACE11E589BAB00E33711 /* Repo.h */ = {isa = PBXFileReference; fileEncoding = 4; lastKnownFileType = sourcecode.c.h; path = Repo.h; sourceTree = "<group>"; };
		CFEFACE21E589BAB00E33711 /* Repo.m */ = {isa = PBXFileReference; fileEncoding = 4; lastKnownFileType = sourcecode.c.objc; path = Repo.m; sourceTree = "<group>"; };
/* End PBXFileReference section */

/* Begin PBXFrameworksBuildPhase section */
		CFEFACAA1E58950200E33711 /* Frameworks */ = {
			isa = PBXFrameworksBuildPhase;
			buildActionMask = 2147483647;
			files = (
			);
			runOnlyForDeploymentPostprocessing = 0;
		};
/* End PBXFrameworksBuildPhase section */

/* Begin PBXGroup section */
		CF7EB4451E58BD86004AB84D /* Cells */ = {
			isa = PBXGroup;
			children = (
				CF7EB4461E58BDAF004AB84D /* MainScreenTableViewCell.h */,
				CF7EB4471E58BDAF004AB84D /* MainScreenTableViewCell.m */,
				CF7EB4481E58BDAF004AB84D /* MainScreenTableViewCell.xib */,
			);
			name = Cells;
			sourceTree = "<group>";
		};
		CFEFACA41E58950200E33711 = {
			isa = PBXGroup;
			children = (
				CFEFACAF1E58950200E33711 /* GithubApiTest-ObjC */,
				CFEFACAE1E58950200E33711 /* Products */,
			);
			sourceTree = "<group>";
		};
		CFEFACAE1E58950200E33711 /* Products */ = {
			isa = PBXGroup;
			children = (
				CFEFACAD1E58950200E33711 /* GithubApiTest-ObjC.app */,
			);
			name = Products;
			sourceTree = "<group>";
		};
		CFEFACAF1E58950200E33711 /* GithubApiTest-ObjC */ = {
			isa = PBXGroup;
			children = (
				CFEFACD91E58997500E33711 /* Constants.h */,
				CFEFACDA1E58997500E33711 /* Constants.m */,
				CFEFACE01E589BA400E33711 /* Model */,
				CFEFACDC1E589B9000E33711 /* Parsers */,
				CFEFACCF1E58968A00E33711 /* Requests */,
				CFEFACCB1E58967400E33711 /* Services */,
				CFEFACCA1E58966800E33711 /* Managers */,
				CFEFACE41E58A26D00E33711 /* ViewControllers */,
				CF7EB4451E58BD86004AB84D /* Cells */,
				CFEFACB31E58950200E33711 /* AppDelegate.h */,
				CFEFACB41E58950200E33711 /* AppDelegate.m */,
				CFEFACB91E58950200E33711 /* Main.storyboard */,
				CFEFACBF1E58950200E33711 /* Assets.xcassets */,
				CFEFACC11E58950200E33711 /* LaunchScreen.storyboard */,
				CFEFACC41E58950200E33711 /* Info.plist */,
				CFEFACBC1E58950200E33711 /* GithubApiTest_ObjC.xcdatamodeld */,
				CFEFACB01E58950200E33711 /* Supporting Files */,
			);
			path = "GithubApiTest-ObjC";
			sourceTree = "<group>";
		};
		CFEFACB01E58950200E33711 /* Supporting Files */ = {
			isa = PBXGroup;
			children = (
				CFEFACB11E58950200E33711 /* main.m */,
			);
			name = "Supporting Files";
			sourceTree = "<group>";
		};
		CFEFACCA1E58966800E33711 /* Managers */ = {
			isa = PBXGroup;
			children = (
				CFEFACD31E58982900E33711 /* DataManager.h */,
				CFEFACD41E58982900E33711 /* DataManager.m */,
			);
			name = Managers;
			sourceTree = "<group>";
		};
		CFEFACCB1E58967400E33711 /* Services */ = {
			isa = PBXGroup;
			children = (
				CFEFACCC1E58968700E33711 /* ConnectionService.h */,
				CFEFACCD1E58968700E33711 /* ConnectionService.m */,
			);
			name = Services;
			sourceTree = "<group>";
		};
		CFEFACCF1E58968A00E33711 /* Requests */ = {
			isa = PBXGroup;
			children = (
				CFEFACD61E58985F00E33711 /* UserReposRequest.h */,
				CFEFACD71E58985F00E33711 /* UserReposRequest.m */,
			);
			name = Requests;
			sourceTree = "<group>";
		};
		CFEFACDC1E589B9000E33711 /* Parsers */ = {
			isa = PBXGroup;
			children = (
				CFEFACDD1E589B9F00E33711 /* RepoParser.h */,
				CFEFACDE1E589B9F00E33711 /* RepoParser.m */,
			);
			name = Parsers;
			sourceTree = "<group>";
		};
		CFEFACE01E589BA400E33711 /* Model */ = {
			isa = PBXGroup;
			children = (
				CFEFACE11E589BAB00E33711 /* Repo.h */,
				CFEFACE21E589BAB00E33711 /* Repo.m */,
			);
			name = Model;
			sourceTree = "<group>";
		};
		CFEFACE41E58A26D00E33711 /* ViewControllers */ = {
			isa = PBXGroup;
			children = (
				CFEFACB61E58950200E33711 /* ViewController.h */,
				CFEFACB71E58950200E33711 /* ViewController.m */,
			);
			name = ViewControllers;
			sourceTree = "<group>";
		};
/* End PBXGroup section */

/* Begin PBXNativeTarget section */
		CFEFACAC1E58950200E33711 /* GithubApiTest-ObjC */ = {
			isa = PBXNativeTarget;
			buildConfigurationList = CFEFACC71E58950200E33711 /* Build configuration list for PBXNativeTarget "GithubApiTest-ObjC" */;
			buildPhases = (
				CFEFACA91E58950200E33711 /* Sources */,
				CFEFACAA1E58950200E33711 /* Frameworks */,
				CFEFACAB1E58950200E33711 /* Resources */,
			);
			buildRules = (
			);
			dependencies = (
			);
			name = "GithubApiTest-ObjC";
			productName = "GithubApiTest-ObjC";
			productReference = CFEFACAD1E58950200E33711 /* GithubApiTest-ObjC.app */;
			productType = "com.apple.product-type.application";
		};
/* End PBXNativeTarget section */

/* Begin PBXProject section */
		CFEFACA51E58950200E33711 /* Project object */ = {
			isa = PBXProject;
			attributes = {
				LastUpgradeCheck = 0820;
				ORGANIZATIONNAME = MariaSaveleva;
				TargetAttributes = {
					CFEFACAC1E58950200E33711 = {
						CreatedOnToolsVersion = 8.2.1;
						DevelopmentTeam = 37QQLS7AS9;
						ProvisioningStyle = Automatic;
					};
				};
			};
			buildConfigurationList = CFEFACA81E58950200E33711 /* Build configuration list for PBXProject "GithubApiTest-ObjC" */;
			compatibilityVersion = "Xcode 3.2";
			developmentRegion = English;
			hasScannedForEncodings = 0;
			knownRegions = (
				en,
				Base,
			);
			mainGroup = CFEFACA41E58950200E33711;
			productRefGroup = CFEFACAE1E58950200E33711 /* Products */;
			projectDirPath = "";
			projectRoot = "";
			targets = (
				CFEFACAC1E58950200E33711 /* GithubApiTest-ObjC */,
			);
		};
/* End PBXProject section */

/* Begin PBXResourcesBuildPhase section */
		CFEFACAB1E58950200E33711 /* Resources */ = {
			isa = PBXResourcesBuildPhase;
			buildActionMask = 2147483647;
			files = (
				CF7EB44A1E58BDAF004AB84D /* MainScreenTableViewCell.xib in Resources */,
				CFEFACC31E58950200E33711 /* LaunchScreen.storyboard in Resources */,
				CFEFACC01E58950200E33711 /* Assets.xcassets in Resources */,
				CFEFACBB1E58950200E33711 /* Main.storyboard in Resources */,
			);
			runOnlyForDeploymentPostprocessing = 0;
		};
/* End PBXResourcesBuildPhase section */

/* Begin PBXSourcesBuildPhase section */
		CFEFACA91E58950200E33711 /* Sources */ = {
			isa = PBXSourcesBuildPhase;
			buildActionMask = 2147483647;
			files = (
				CFEFACDF1E589B9F00E33711 /* RepoParser.m in Sources */,
				CF7EB4491E58BDAF004AB84D /* MainScreenTableViewCell.m in Sources */,
				CFEFACB81E58950200E33711 /* ViewController.m in Sources */,
				CFEFACBE1E58950200E33711 /* GithubApiTest_ObjC.xcdatamodeld in Sources */,
				CFEFACD51E58982900E33711 /* DataManager.m in Sources */,
				CFEFACB51E58950200E33711 /* AppDelegate.m in Sources */,
				CFEFACE31E589BAB00E33711 /* Repo.m in Sources */,
				CFEFACB21E58950200E33711 /* main.m in Sources */,
				CFEFACD81E58985F00E33711 /* UserReposRequest.m in Sources */,
				CFEFACCE1E58968700E33711 /* ConnectionService.m in Sources */,
				CFEFACDB1E58997500E33711 /* Constants.m in Sources */,
			);
			runOnlyForDeploymentPostprocessing = 0;
		};
/* End PBXSourcesBuildPhase section */

/* Begin PBXVariantGroup section */
		CFEFACB91E58950200E33711 /* Main.storyboard */ = {
			isa = PBXVariantGroup;
			children = (
				CFEFACBA1E58950200E33711 /* Base */,
			);
			name = Main.storyboard;
			sourceTree = "<group>";
		};
		CFEFACC11E58950200E33711 /* LaunchScreen.storyboard */ = {
			isa = PBXVariantGroup;
			children = (
				CFEFACC21E58950200E33711 /* Base */,
			);
			name = LaunchScreen.storyboard;
			sourceTree = "<group>";
		};
/* End PBXVariantGroup section */

/* Begin XCBuildConfiguration section */
		CFEFACC51E58950200E33711 /* Debug */ = {
			isa = XCBuildConfiguration;
			buildSettings = {
				ALWAYS_SEARCH_USER_PATHS = NO;
				CLANG_ANALYZER_NONNULL = YES;
				CLANG_CXX_LANGUAGE_STANDARD = "gnu++0x";
				CLANG_CXX_LIBRARY = "libc++";
				CLANG_ENABLE_MODULES = YES;
				CLANG_ENABLE_OBJC_ARC = YES;
				CLANG_WARN_BOOL_CONVERSION = YES;
				CLANG_WARN_CONSTANT_CONVERSION = YES;
				CLANG_WARN_DIRECT_OBJC_ISA_USAGE = YES_ERROR;
				CLANG_WARN_DOCUMENTATION_COMMENTS = YES;
				CLANG_WARN_EMPTY_BODY = YES;
				CLANG_WARN_ENUM_CONVERSION = YES;
				CLANG_WARN_INFINITE_RECURSION = YES;
				CLANG_WARN_INT_CONVERSION = YES;
				CLANG_WARN_OBJC_ROOT_CLASS = YES_ERROR;
				CLANG_WARN_SUSPICIOUS_MOVE = YES;
				CLANG_WARN_UNREACHABLE_CODE = YES;
				CLANG_WARN__DUPLICATE_METHOD_MATCH = YES;
				"CODE_SIGN_IDENTITY[sdk=iphoneos*]" = "iPhone Developer";
				COPY_PHASE_STRIP = NO;
				DEBUG_INFORMATION_FORMAT = dwarf;
				ENABLE_STRICT_OBJC_MSGSEND = YES;
				ENABLE_TESTABILITY = YES;
				GCC_C_LANGUAGE_STANDARD = gnu99;
				GCC_DYNAMIC_NO_PIC = NO;
				GCC_NO_COMMON_BLOCKS = YES;
				GCC_OPTIMIZATION_LEVEL = 0;
				GCC_PREPROCESSOR_DEFINITIONS = (
					"DEBUG=1",
					"$(inherited)",
				);
				GCC_WARN_64_TO_32_BIT_CONVERSION = YES;
				GCC_WARN_ABOUT_RETURN_TYPE = YES_ERROR;
				GCC_WARN_UNDECLARED_SELECTOR = YES;
				GCC_WARN_UNINITIALIZED_AUTOS = YES_AGGRESSIVE;
				GCC_WARN_UNUSED_FUNCTION = YES;
				GCC_WARN_UNUSED_VARIABLE = YES;
				IPHONEOS_DEPLOYMENT_TARGET = 10.2;
				MTL_ENABLE_DEBUG_INFO = YES;
				ONLY_ACTIVE_ARCH = YES;
				SDKROOT = iphoneos;
				TARGETED_DEVICE_FAMILY = "1,2";
			};
			name = Debug;
		};
		CFEFACC61E58950200E33711 /* Release */ = {
			isa = XCBuildConfiguration;
			buildSettings = {
				ALWAYS_SEARCH_USER_PATHS = NO;
				CLANG_ANALYZER_NONNULL = YES;
				CLANG_CXX_LANGUAGE_STANDARD = "gnu++0x";
				CLANG_CXX_LIBRARY = "libc++";
				CLANG_ENABLE_MODULES = YES;
				CLANG_ENABLE_OBJC_ARC = YES;
				CLANG_WARN_BOOL_CONVERSION = YES;
				CLANG_WARN_CONSTANT_CONVERSION = YES;
				CLANG_WARN_DIRECT_OBJC_ISA_USAGE = YES_ERROR;
				CLANG_WARN_DOCUMENTATION_COMMENTS = YES;
				CLANG_WARN_EMPTY_BODY = YES;
				CLANG_WARN_ENUM_CONVERSION = YES;
				CLANG_WARN_INFINITE_RECURSION = YES;
				CLANG_WARN_INT_CONVERSION = YES;
				CLANG_WARN_OBJC_ROOT_CLASS = YES_ERROR;
				CLANG_WARN_SUSPICIOUS_MOVE = YES;
				CLANG_WARN_UNREACHABLE_CODE = YES;
				CLANG_WARN__DUPLICATE_METHOD_MATCH = YES;
				"CODE_SIGN_IDENTITY[sdk=iphoneos*]" = "iPhone Developer";
				COPY_PHASE_STRIP = NO;
				DEBUG_INFORMATION_FORMAT = "dwarf-with-dsym";
				ENABLE_NS_ASSERTIONS = NO;
				ENABLE_STRICT_OBJC_MSGSEND = YES;
				GCC_C_LANGUAGE_STANDARD = gnu99;
				GCC_NO_COMMON_BLOCKS = YES;
				GCC_WARN_64_TO_32_BIT_CONVERSION = YES;
				GCC_WARN_ABOUT_RETURN_TYPE = YES_ERROR;
				GCC_WARN_UNDECLARED_SELECTOR = YES;
				GCC_WARN_UNINITIALIZED_AUTOS = YES_AGGRESSIVE;
				GCC_WARN_UNUSED_FUNCTION = YES;
				GCC_WARN_UNUSED_VARIABLE = YES;
				IPHONEOS_DEPLOYMENT_TARGET = 10.2;
				MTL_ENABLE_DEBUG_INFO = NO;
				SDKROOT = iphoneos;
				TARGETED_DEVICE_FAMILY = "1,2";
				VALIDATE_PRODUCT = YES;
			};
			name = Release;
		};
		CFEFACC81E58950200E33711 /* Debug */ = {
			isa = XCBuildConfiguration;
			buildSettings = {
				ASSETCATALOG_COMPILER_APPICON_NAME = AppIcon;
				DEVELOPMENT_TEAM = 37QQLS7AS9;
				INFOPLIST_FILE = "GithubApiTest-ObjC/Info.plist";
				LD_RUNPATH_SEARCH_PATHS = "$(inherited) @executable_path/Frameworks";
				PRODUCT_BUNDLE_IDENTIFIER = "pandadevel.GithubApiTest-ObjC";
				PRODUCT_NAME = "$(TARGET_NAME)";
			};
			name = Debug;
		};
		CFEFACC91E58950200E33711 /* Release */ = {
			isa = XCBuildConfiguration;
			buildSettings = {
				ASSETCATALOG_COMPILER_APPICON_NAME = AppIcon;
				DEVELOPMENT_TEAM = 37QQLS7AS9;
				INFOPLIST_FILE = "GithubApiTest-ObjC/Info.plist";
				LD_RUNPATH_SEARCH_PATHS = "$(inherited) @executable_path/Frameworks";
				PRODUCT_BUNDLE_IDENTIFIER = "pandadevel.GithubApiTest-ObjC";
				PRODUCT_NAME = "$(TARGET_NAME)";
			};
			name = Release;
		};
/* End XCBuildConfiguration section */

/* Begin XCConfigurationList section */
		CFEFACA81E58950200E33711 /* Build configuration list for PBXProject "GithubApiTest-ObjC" */ = {
			isa = XCConfigurationList;
			buildConfigurations = (
				CFEFACC51E58950200E33711 /* Debug */,
				CFEFACC61E58950200E33711 /* Release */,
			);
			defaultConfigurationIsVisible = 0;
			defaultConfigurationName = Release;
		};
		CFEFACC71E58950200E33711 /* Build configuration list for PBXNativeTarget "GithubApiTest-ObjC" */ = {
			isa = XCConfigurationList;
			buildConfigurations = (
				CFEFACC81E58950200E33711 /* Debug */,
				CFEFACC91E58950200E33711 /* Release */,
			);
			defaultConfigurationIsVisible = 0;
			defaultConfigurationName = Release;
		};
/* End XCConfigurationList section */

/* Begin XCVersionGroup section */
		CFEFACBC1E58950200E33711 /* GithubApiTest_ObjC.xcdatamodeld */ = {
			isa = XCVersionGroup;
			children = (
				CFEFACBD1E58950200E33711 /* GithubApiTest_ObjC.xcdatamodel */,
			);
			currentVersion = CFEFACBD1E58950200E33711 /* GithubApiTest_ObjC.xcdatamodel */;
			path = GithubApiTest_ObjC.xcdatamodeld;
			sourceTree = "<group>";
			versionGroupType = wrapper.xcdatamodel;
		};
/* End XCVersionGroup section */
	};
	rootObject = CFEFACA51E58950200E33711 /* Project object */;
}
